
Microsoft Visual Studio Solution File, Format Version 12.00
# Visual Studio Version 17
VisualStudioVersion = 17.12.35527.113
MinimumVisualStudioVersion = 10.0.40219.1
Project("{FAE04EC0-301F-11D3-BF4B-00C04F79EFBC}") = "sqlsrv", "sqlsrv\sqlsrv.csproj", "{44DF34F2-B843-4C39-B0E5-8514D0444CCF}"
EndProject
Project("{FAE04EC0-301F-11D3-BF4B-00C04F79EFBC}") = "TableToClass", "TableToClass\TableToClass.csproj", "{65BE5BEA-A44D-4172-A8E4-0EB8E9F4293A}"
EndProject
Project("{2150E333-8FDC-42A3-9474-1A3956D46DE8}") = "Solution Items", "Solution Items", "{DDB4EF12-CC4E-5E88-E6FC-71A802F4DE97}"
	ProjectSection(SolutionItems) = preProject
		.editorconfig = .editorconfig
	EndProjectSection
EndProject
Project("{FAE04EC0-301F-11D3-BF4B-00C04F79EFBC}") = "DBFactory", "DBFactory\DBFactory.csproj", "{07B8CB01-E1F0-4CD9-BE27-A89164A73FCA}"
EndProject
Project("{FAE04EC0-301F-11D3-BF4B-00C04F79EFBC}") = "SendMail", "SendMail\SendMail.csproj", "{9DAE9E16-9E82-43E9-8B67-AA2B6ABEBD9F}"
EndProject
Global
	GlobalSection(SolutionConfigurationPlatforms) = preSolution
		Debug|Any CPU = Debug|Any CPU
		Release|Any CPU = Release|Any CPU
	EndGlobalSection
	GlobalSection(ProjectConfigurationPlatforms) = postSolution
		{44DF34F2-B843-4C39-B0E5-8514D0444CCF}.Debug|Any CPU.ActiveCfg = Debug|Any CPU
		{44DF34F2-B843-4C39-B0E5-8514D0444CCF}.Debug|Any CPU.Build.0 = Debug|Any CPU
		{44DF34F2-B843-4C39-B0E5-8514D0444CCF}.Release|Any CPU.ActiveCfg = Release|Any CPU
		{44DF34F2-B843-4C39-B0E5-8514D0444CCF}.Release|Any CPU.Build.0 = Release|Any CPU
		{65BE5BEA-A44D-4172-A8E4-0EB8E9F4293A}.Debug|Any CPU.ActiveCfg = Debug|Any CPU
		{65BE5BEA-A44D-4172-A8E4-0EB8E9F4293A}.Debug|Any CPU.Build.0 = Debug|Any CPU
		{65BE5BEA-A44D-4172-A8E4-0EB8E9F4293A}.Release|Any CPU.ActiveCfg = Release|Any CPU
		{65BE5BEA-A44D-4172-A8E4-0EB8E9F4293A}.Release|Any CPU.Build.0 = Release|Any CPU
		{07B8CB01-E1F0-4CD9-BE27-A89164A73FCA}.Debug|Any CPU.ActiveCfg = Debug|Any CPU
		{07B8CB01-E1F0-4CD9-BE27-A89164A73FCA}.Debug|Any CPU.Build.0 = Debug|Any CPU
		{07B8CB01-E1F0-4CD9-BE27-A89164A73FCA}.Release|Any CPU.ActiveCfg = Release|Any CPU
		{07B8CB01-E1F0-4CD9-BE27-A89164A73FCA}.Release|Any CPU.Build.0 = Release|Any CPU
		{9DAE9E16-9E82-43E9-8B67-AA2B6ABEBD9F}.Debug|Any CPU.ActiveCfg = Debug|Any CPU
		{9DAE9E16-9E82-43E9-8B67-AA2B6ABEBD9F}.Debug|Any CPU.Build.0 = Debug|Any CPU
		{9DAE9E16-9E82-43E9-8B67-AA2B6ABEBD9F}.Release|Any CPU.ActiveCfg = Release|Any CPU
		{9DAE9E16-9E82-43E9-8B67-AA2B6ABEBD9F}.Release|Any CPU.Build.0 = Release|Any CPU
	EndGlobalSection
	GlobalSection(SolutionProperties) = preSolution
		HideSolutionNode = FALSE
	EndGlobalSection
	GlobalSection(ExtensibilityGlobals) = postSolution
		SolutionGuid = {CF20B5E2-51DF-45B0-8597-910E2A49D193}
	EndGlobalSection
EndGlobal
